
Microsoft Visual Studio Solution File, Format Version 12.00
# Visual Studio Version 17
VisualStudioVersion = 17.0.31903.59
MinimumVisualStudioVersion = 10.0.40219.1
Project("{2150E333-8FDC-42A3-9474-1A3956D46DE8}") = "src", "src", "{05DF9D55-E031-4B83-975C-E29F8459CA14}"
EndProject
Project("{FAE04EC0-301F-11D3-BF4B-00C04F79EFBC}") = "TrainingApp", "src\TrainingApp\TrainingApp.csproj", "{9B9E8E34-2F45-4C79-B601-AC13D6FBF402}"
EndProject
Project("{2150E333-8FDC-42A3-9474-1A3956D46DE8}") = "tests", "tests", "{788F7429-046F-420C-9426-CDE8CCDC1F01}"
EndProject
Project("{FAE04EC0-301F-11D3-BF4B-00C04F79EFBC}") = "TrainingApp.Tests", "tests\TrainingApp.Tests\TrainingApp.Tests.csproj", "{5020DD77-E3DC-44C7-9BC3-A35FEE92D810}"
EndProject
Global
	GlobalSection(SolutionConfigurationPlatforms) = preSolution
		Debug|Any CPU = Debug|Any CPU
		Release|Any CPU = Release|Any CPU
	EndGlobalSection
	GlobalSection(SolutionProperties) = preSolution
		HideSolutionNode = FALSE
	EndGlobalSection
	GlobalSection(ProjectConfigurationPlatforms) = postSolution
		{9B9E8E34-2F45-4C79-B601-AC13D6FBF402}.Debug|Any CPU.ActiveCfg = Debug|Any CPU
		{9B9E8E34-2F45-4C79-B601-AC13D6FBF402}.Debug|Any CPU.Build.0 = Debug|Any CPU
		{9B9E8E34-2F45-4C79-B601-AC13D6FBF402}.Release|Any CPU.ActiveCfg = Release|Any CPU
		{9B9E8E34-2F45-4C79-B601-AC13D6FBF402}.Release|Any CPU.Build.0 = Release|Any CPU
		{5020DD77-E3DC-44C7-9BC3-A35FEE92D810}.Debug|Any CPU.ActiveCfg = Debug|Any CPU
		{5020DD77-E3DC-44C7-9BC3-A35FEE92D810}.Debug|Any CPU.Build.0 = Debug|Any CPU
		{5020DD77-E3DC-44C7-9BC3-A35FEE92D810}.Release|Any CPU.ActiveCfg = Release|Any CPU
		{5020DD77-E3DC-44C7-9BC3-A35FEE92D810}.Release|Any CPU.Build.0 = Release|Any CPU
	EndGlobalSection
	GlobalSection(NestedProjects) = preSolution
		{9B9E8E34-2F45-4C79-B601-AC13D6FBF402} = {05DF9D55-E031-4B83-975C-E29F8459CA14}
		{5020DD77-E3DC-44C7-9BC3-A35FEE92D810} = {788F7429-046F-420C-9426-CDE8CCDC1F01}
	EndGlobalSection
EndGlobal
